# This file is generated by running "yarn install" inside your project.
# Manual changes might be lost - proceed with caution!

__metadata:
  version: 8
  cacheKey: 10c0

"@campaign-buddy/json-path-ex@workspace:.":
  version: 0.0.0-use.local
  resolution: "@campaign-buddy/json-path-ex@workspace:."
  dependencies:
    typescript: "npm:^4.2.4"
  languageName: unknown
  linkType: soft

"typescript@npm:^4.2.4":
  version: 4.2.4
  resolution: "typescript@npm:4.2.4"
  bin:
    tsc: bin/tsc
    tsserver: bin/tsserver
  checksum: 10c0/add3dcc8661784e2959d8411f6a2f1c75b063532aae0112bed4a217f58c0f6da194da6a05bc40dc1b2b171e5c595e88370d5fa97fdb680c47fbb8fab4190e02d
  languageName: node
  linkType: hard

"typescript@patch:typescript@npm%3A^4.2.4#optional!builtin<compat/typescript>":
  version: 4.2.4
  resolution: "typescript@patch:typescript@npm%3A4.2.4#optional!builtin<compat/typescript>::version=4.2.4&hash=334f98"
  bin:
    tsc: bin/tsc
    tsserver: bin/tsserver
  checksum: 10c0/c18a8bba07cbc5918f6224238199af421dd94a08e3342f5af269297ddf69eafe3fbaea560eb81def28382a420617844ee16740cced11895d3f1821943d1b00e7
  languageName: node
  linkType: hard
